Microsoft Visual Studio Solution File, Format Version 12.00
# Visual Studio Version 17
VisualStudioVersion = 17.0.31903.59
MinimumVisualStudioVersion = 10.0.40219.1
Project("{9A19103F-16F7-4668-BE54-9A1E7A4F7556}") = "HyperVCreator.App", "src\HyperVCreator.App\HyperVCreator.App.csproj", "{8B2ABC98-3D8A-4A11-9F3B-E25C7C341C15}"
EndProject
Project("{9A19103F-16F7-4668-BE54-9A1E7A4F7556}") = "HyperVCreator.Core", "src\HyperVCreator.Core\HyperVCreator.Core.csproj", "{B3C4C58F-F5D9-4EA5-9AD1-58C6F418D3B3}"
EndProject
Global
	GlobalSection(SolutionConfigurationPlatforms) = preSolution
		Debug|Any CPU = Debug|Any CPU
		Release|Any CPU = Release|Any CPU
	EndGlobalSection
	GlobalSection(ProjectConfigurationPlatforms) = postSolution
		{8B2ABC98-3D8A-4A11-9F3B-E25C7C341C15}.Debug|Any CPU.ActiveCfg = Debug|Any CPU
		{8B2ABC98-3D8A-4A11-9F3B-E25C7C341C15}.Debug|Any CPU.Build.0 = Debug|Any CPU
		{8B2ABC98-3D8A-4A11-9F3B-E25C7C341C15}.Release|Any CPU.ActiveCfg = Release|Any CPU
		{8B2ABC98-3D8A-4A11-9F3B-E25C7C341C15}.Release|Any CPU.Build.0 = Release|Any CPU
		{B3C4C58F-F5D9-4EA5-9AD1-58C6F418D3B3}.Debug|Any CPU.ActiveCfg = Debug|Any CPU
		{B3C4C58F-F5D9-4EA5-9AD1-58C6F418D3B3}.Debug|Any CPU.Build.0 = Debug|Any CPU
		{B3C4C58F-F5D9-4EA5-9AD1-58C6F418D3B3}.Release|Any CPU.ActiveCfg = Release|Any CPU
		{B3C4C58F-F5D9-4EA5-9AD1-58C6F418D3B3}.Release|Any CPU.Build.0 = Release|Any CPU
	EndGlobalSection
	GlobalSection(SolutionProperties) = preSolution
		HideSolutionNode = FALSE
	EndGlobalSection
	GlobalSection(ExtensibilityGlobals) = postSolution
		SolutionGuid = {4A7EB936-5E27-4A2A-8404-CF174F84C69F}
	EndGlobalSection
EndGlobal 